
Microsoft Visual Studio Solution File, Format Version 12.00
# Visual Studio 2012
Project("{8BC9CEB8-8B4A-11D0-8D11-00A0C91BC942}") = "car_moving", "car_moving\car_moving.vcxproj", "{B483ADEB-6670-4BD5-9EF0-C43479DEC2AB}"
EndProject
Global
	GlobalSection(SolutionConfigurationPlatforms) = preSolution
		Debug|Win32 = Debug|Win32
		Release|Win32 = Release|Win32
	EndGlobalSection
	GlobalSection(ProjectConfigurationPlatforms) = postSolution
		{B483ADEB-6670-4BD5-9EF0-C43479DEC2AB}.Debug|Win32.ActiveCfg = Debug|Win32
		{B483ADEB-6670-4BD5-9EF0-C43479DEC2AB}.Debug|Win32.Build.0 = Debug|Win32
		{B483ADEB-6670-4BD5-9EF0-C43479DEC2AB}.Release|Win32.ActiveCfg = Release|Win32
		{B483ADEB-6670-4BD5-9EF0-C43479DEC2AB}.Release|Win32.Build.0 = Release|Win32
	EndGlobalSection
	GlobalSection(SolutionProperties) = preSolution
		HideSolutionNode = FALSE
	EndGlobalSection
EndGlobal
